// !$*UTF8*$!
{
	archiveVersion = 1;
	classes = {
	};
	objectVersion = 56;
	objects = {

/* Begin PBXBuildFile section */
		EA083C1F2B304BCB007CE3BD /* ProductDetailInformationVIew.swift in Sources */ = {isa = PBXBuildFile; fileRef = EA083C1E2B304BCB007CE3BD /* ProductDetailInformationVIew.swift */; };
		EA6EF5D62B2DF3D5008A7FFF /* BonprixApp.swift in Sources */ = {isa = PBXBuildFile; fileRef = EA6EF5D52B2DF3D5008A7FFF /* BonprixApp.swift */; };
		EA6EF5DA2B2DF3D9008A7FFF /* Assets.xcassets in Resources */ = {isa = PBXBuildFile; fileRef = EA6EF5D92B2DF3D9008A7FFF /* Assets.xcassets */; };
		EA6EF5DD2B2DF3D9008A7FFF /* Preview Assets.xcassets in Resources */ = {isa = PBXBuildFile; fileRef = EA6EF5DC2B2DF3D9008A7FFF /* Preview Assets.xcassets */; };
		EA6EF5E42B2DF419008A7FFF /* products.json in Resources */ = {isa = PBXBuildFile; fileRef = EA6EF5E32B2DF419008A7FFF /* products.json */; };
		EA6EF5E72B2DF463008A7FFF /* ProductsRepository.swift in Sources */ = {isa = PBXBuildFile; fileRef = EA6EF5E62B2DF463008A7FFF /* ProductsRepository.swift */; };
		EA6EF5E92B2DF487008A7FFF /* BasketRepository.swift in Sources */ = {isa = PBXBuildFile; fileRef = EA6EF5E82B2DF487008A7FFF /* BasketRepository.swift */; };
		EA6EF5F22B2DFA93008A7FFF /* Products.swift in Sources */ = {isa = PBXBuildFile; fileRef = EA6EF5F12B2DFA93008A7FFF /* Products.swift */; };
		EA7C75362B305FF200897CAB /* ButtonStyles+Custom.swift in Sources */ = {isa = PBXBuildFile; fileRef = EA7C75352B305FF200897CAB /* ButtonStyles+Custom.swift */; };
		EAE8497F2B2F743100BE474B /* ProductOverviewCardView.swift in Sources */ = {isa = PBXBuildFile; fileRef = EAE8497E2B2F743100BE474B /* ProductOverviewCardView.swift */; };
		EAF405422B2E241C00EE4C95 /* ProductsInteractor.swift in Sources */ = {isa = PBXBuildFile; fileRef = EAF405412B2E241C00EE4C95 /* ProductsInteractor.swift */; };
		EAF405462B2E248E00EE4C95 /* ProductOverviewViewModel.swift in Sources */ = {isa = PBXBuildFile; fileRef = EAF405452B2E248E00EE4C95 /* ProductOverviewViewModel.swift */; };
		EAF405482B2E24FE00EE4C95 /* ProductOverviewView.swift in Sources */ = {isa = PBXBuildFile; fileRef = EAF405472B2E24FE00EE4C95 /* ProductOverviewView.swift */; };
		EAF4054A2B2E252700EE4C95 /* ProductDetailView.swift in Sources */ = {isa = PBXBuildFile; fileRef = EAF405492B2E252700EE4C95 /* ProductDetailView.swift */; };
		EAF4054C2B2E2A5200EE4C95 /* FavoriteProductsRepository.swift in Sources */ = {isa = PBXBuildFile; fileRef = EAF4054B2B2E2A5200EE4C95 /* FavoriteProductsRepository.swift */; };
		EAF4054F2B2E2B3000EE4C95 /* ProductDetailViewModel.swift in Sources */ = {isa = PBXBuildFile; fileRef = EAF4054E2B2E2B3000EE4C95 /* ProductDetailViewModel.swift */; };
/* End PBXBuildFile section */

/* Begin PBXFileReference section */
		EA083C1E2B304BCB007CE3BD /* ProductDetailInformationVIew.swift */ = {isa = PBXFileReference; lastKnownFileType = sourcecode.swift; path = ProductDetailInformationVIew.swift; sourceTree = "<group>"; };
		EA6EF5D22B2DF3D5008A7FFF /* Bonprix.app */ = {isa = PBXFileReference; explicitFileType = wrapper.application; includeInIndex = 0; path = Bonprix.app; sourceTree = BUILT_PRODUCTS_DIR; };
		EA6EF5D52B2DF3D5008A7FFF /* BonprixApp.swift */ = {isa = PBXFileReference; lastKnownFileType = sourcecode.swift; path = BonprixApp.swift; sourceTree = "<group>"; };
		EA6EF5D92B2DF3D9008A7FFF /* Assets.xcassets */ = {isa = PBXFileReference; lastKnownFileType = folder.assetcatalog; path = Assets.xcassets; sourceTree = "<group>"; };
		EA6EF5DC2B2DF3D9008A7FFF /* Preview Assets.xcassets */ = {isa = PBXFileReference; lastKnownFileType = folder.assetcatalog; path = "Preview Assets.xcassets"; sourceTree = "<group>"; };
		EA6EF5E32B2DF419008A7FFF /* products.json */ = {isa = PBXFileReference; lastKnownFileType = text.json; path = products.json; sourceTree = "<group>"; };
		EA6EF5E62B2DF463008A7FFF /* ProductsRepository.swift */ = {isa = PBXFileReference; lastKnownFileType = sourcecode.swift; path = ProductsRepository.swift; sourceTree = "<group>"; };
		EA6EF5E82B2DF487008A7FFF /* BasketRepository.swift */ = {isa = PBXFileReference; lastKnownFileType = sourcecode.swift; path = BasketRepository.swift; sourceTree = "<group>"; };
		EA6EF5F12B2DFA93008A7FFF /* Products.swift */ = {isa = PBXFileReference; lastKnownFileType = sourcecode.swift; path = Products.swift; sourceTree = "<group>"; };
		EA7C75352B305FF200897CAB /* ButtonStyles+Custom.swift */ = {isa = PBXFileReference; lastKnownFileType = sourcecode.swift; path = "ButtonStyles+Custom.swift"; sourceTree = "<group>"; };
		EAE8497E2B2F743100BE474B /* ProductOverviewCardView.swift */ = {isa = PBXFileReference; lastKnownFileType = sourcecode.swift; path = ProductOverviewCardView.swift; sourceTree = "<group>"; };
		EAF405412B2E241C00EE4C95 /* ProductsInteractor.swift */ = {isa = PBXFileReference; lastKnownFileType = sourcecode.swift; path = ProductsInteractor.swift; sourceTree = "<group>"; };
		EAF405452B2E248E00EE4C95 /* ProductOverviewViewModel.swift */ = {isa = PBXFileReference; lastKnownFileType = sourcecode.swift; path = ProductOverviewViewModel.swift; sourceTree = "<group>"; };
		EAF405472B2E24FE00EE4C95 /* ProductOverviewView.swift */ = {isa = PBXFileReference; lastKnownFileType = sourcecode.swift; path = ProductOverviewView.swift; sourceTree = "<group>"; };
		EAF405492B2E252700EE4C95 /* ProductDetailView.swift */ = {isa = PBXFileReference; lastKnownFileType = sourcecode.swift; path = ProductDetailView.swift; sourceTree = "<group>"; };
		EAF4054B2B2E2A5200EE4C95 /* FavoriteProductsRepository.swift */ = {isa = PBXFileReference; lastKnownFileType = sourcecode.swift; path = FavoriteProductsRepository.swift; sourceTree = "<group>"; };
		EAF4054E2B2E2B3000EE4C95 /* ProductDetailViewModel.swift */ = {isa = PBXFileReference; lastKnownFileType = sourcecode.swift; path = ProductDetailViewModel.swift; sourceTree = "<group>"; };
/* End PBXFileReference section */

/* Begin PBXFrameworksBuildPhase section */
		EA6EF5CF2B2DF3D5008A7FFF /* Frameworks */ = {
			isa = PBXFrameworksBuildPhase;
			buildActionMask = 2147483647;
			files = (
			);
			runOnlyForDeploymentPostprocessing = 0;
		};
/* End PBXFrameworksBuildPhase section */

/* Begin PBXGroup section */
		EA6EF5C92B2DF3D5008A7FFF = {
			isa = PBXGroup;
			children = (
				EA6EF5D42B2DF3D5008A7FFF /* Bonprix */,
				EA6EF5D32B2DF3D5008A7FFF /* Products */,
			);
			sourceTree = "<group>";
		};
		EA6EF5D32B2DF3D5008A7FFF /* Products */ = {
			isa = PBXGroup;
			children = (
				EA6EF5D22B2DF3D5008A7FFF /* Bonprix.app */,
			);
			name = Products;
			sourceTree = "<group>";
		};
		EA6EF5D42B2DF3D5008A7FFF /* Bonprix */ = {
			isa = PBXGroup;
			children = (
				EAF405432B2E246500EE4C95 /* Feature */,
				EAF405402B2E240A00EE4C95 /* Interactors */,
				EA6EF5F02B2DFA81008A7FFF /* Models */,
				EA6EF5E52B2DF444008A7FFF /* Repositories */,
				EA6EF5D52B2DF3D5008A7FFF /* BonprixApp.swift */,
				EA6EF5D92B2DF3D9008A7FFF /* Assets.xcassets */,
				EA6EF5DB2B2DF3D9008A7FFF /* Preview Content */,
				EA6EF5E32B2DF419008A7FFF /* products.json */,
			);
			path = Bonprix;
			sourceTree = "<group>";
		};
		EA6EF5DB2B2DF3D9008A7FFF /* Preview Content */ = {
			isa = PBXGroup;
			children = (
				EA6EF5DC2B2DF3D9008A7FFF /* Preview Assets.xcassets */,
			);
			path = "Preview Content";
			sourceTree = "<group>";
		};
		EA6EF5E52B2DF444008A7FFF /* Repositories */ = {
			isa = PBXGroup;
			children = (
				EA6EF5E62B2DF463008A7FFF /* ProductsRepository.swift */,
				EA6EF5E82B2DF487008A7FFF /* BasketRepository.swift */,
				EAF4054B2B2E2A5200EE4C95 /* FavoriteProductsRepository.swift */,
			);
			path = Repositories;
			sourceTree = "<group>";
		};
		EA6EF5F02B2DFA81008A7FFF /* Models */ = {
			isa = PBXGroup;
			children = (
				EA6EF5F12B2DFA93008A7FFF /* Products.swift */,
			);
			path = Models;
			sourceTree = "<group>";
		};
		EA7C75342B305FA700897CAB /* Views */ = {
			isa = PBXGroup;
			children = (
				EA083C1E2B304BCB007CE3BD /* ProductDetailInformationVIew.swift */,
				EA7C75352B305FF200897CAB /* ButtonStyles+Custom.swift */,
			);
			path = Views;
			sourceTree = "<group>";
		};
		EAE8497D2B2F72BC00BE474B /* Views */ = {
			isa = PBXGroup;
			children = (
				EAE8497E2B2F743100BE474B /* ProductOverviewCardView.swift */,
			);
			path = Views;
			sourceTree = "<group>";
		};
		EAF405402B2E240A00EE4C95 /* Interactors */ = {
			isa = PBXGroup;
			children = (
				EAF405412B2E241C00EE4C95 /* ProductsInteractor.swift */,
			);
			path = Interactors;
			sourceTree = "<group>";
		};
		EAF405432B2E246500EE4C95 /* Feature */ = {
			isa = PBXGroup;
			children = (
				EAF4054D2B2E2B1200EE4C95 /* Product Details */,
				EAF405442B2E246E00EE4C95 /* Product Overview */,
			);
			path = Feature;
			sourceTree = "<group>";
		};
		EAF405442B2E246E00EE4C95 /* Product Overview */ = {
			isa = PBXGroup;
			children = (
				EAE8497D2B2F72BC00BE474B /* Views */,
				EAF405452B2E248E00EE4C95 /* ProductOverviewViewModel.swift */,
				EAF405472B2E24FE00EE4C95 /* ProductOverviewView.swift */,
			);
			path = "Product Overview";
			sourceTree = "<group>";
		};
		EAF4054D2B2E2B1200EE4C95 /* Product Details */ = {
			isa = PBXGroup;
			children = (
				EA7C75342B305FA700897CAB /* Views */,
				EAF405492B2E252700EE4C95 /* ProductDetailView.swift */,
				EAF4054E2B2E2B3000EE4C95 /* ProductDetailViewModel.swift */,
			);
			path = "Product Details";
			sourceTree = "<group>";
		};
/* End PBXGroup section */

/* Begin PBXNativeTarget section */
		EA6EF5D12B2DF3D5008A7FFF /* Bonprix */ = {
			isa = PBXNativeTarget;
			buildConfigurationList = EA6EF5E02B2DF3D9008A7FFF /* Build configuration list for PBXNativeTarget "Bonprix" */;
			buildPhases = (
				EA6EF5CE2B2DF3D5008A7FFF /* Sources */,
				EA6EF5CF2B2DF3D5008A7FFF /* Frameworks */,
				EA6EF5D02B2DF3D5008A7FFF /* Resources */,
			);
			buildRules = (
			);
			dependencies = (
			);
			name = Bonprix;
			productName = Bonprix;
			productReference = EA6EF5D22B2DF3D5008A7FFF /* Bonprix.app */;
			productType = "com.apple.product-type.application";
		};
/* End PBXNativeTarget section */

/* Begin PBXProject section */
		EA6EF5CA2B2DF3D5008A7FFF /* Project object */ = {
			isa = PBXProject;
			attributes = {
				BuildIndependentTargetsInParallel = 1;
				LastSwiftUpdateCheck = 1510;
				LastUpgradeCheck = 1510;
				TargetAttributes = {
					EA6EF5D12B2DF3D5008A7FFF = {
						CreatedOnToolsVersion = 15.1;
					};
				};
			};
			buildConfigurationList = EA6EF5CD2B2DF3D5008A7FFF /* Build configuration list for PBXProject "Bonprix" */;
			compatibilityVersion = "Xcode 14.0";
			developmentRegion = en;
			hasScannedForEncodings = 0;
			knownRegions = (
				en,
				Base,
			);
			mainGroup = EA6EF5C92B2DF3D5008A7FFF;
			productRefGroup = EA6EF5D32B2DF3D5008A7FFF /* Products */;
			projectDirPath = "";
			projectRoot = "";
			targets = (
				EA6EF5D12B2DF3D5008A7FFF /* Bonprix */,
			);
		};
/* End PBXProject section */

/* Begin PBXResourcesBuildPhase section */
		EA6EF5D02B2DF3D5008A7FFF /* Resources */ = {
			isa = PBXResourcesBuildPhase;
			buildActionMask = 2147483647;
			files = (
				EA6EF5E42B2DF419008A7FFF /* products.json in Resources */,
				EA6EF5DD2B2DF3D9008A7FFF /* Preview Assets.xcassets in Resources */,
				EA6EF5DA2B2DF3D9008A7FFF /* Assets.xcassets in Resources */,
			);
			runOnlyForDeploymentPostprocessing = 0;
		};
/* End PBXResourcesBuildPhase section */

/* Begin PBXSourcesBuildPhase section */
		EA6EF5CE2B2DF3D5008A7FFF /* Sources */ = {
			isa = PBXSourcesBuildPhase;
			buildActionMask = 2147483647;
			files = (
				EAE8497F2B2F743100BE474B /* ProductOverviewCardView.swift in Sources */,
				EAF4054A2B2E252700EE4C95 /* ProductDetailView.swift in Sources */,
				EA083C1F2B304BCB007CE3BD /* ProductDetailInformationVIew.swift in Sources */,
				EA6EF5D62B2DF3D5008A7FFF /* BonprixApp.swift in Sources */,
				EA6EF5E72B2DF463008A7FFF /* ProductsRepository.swift in Sources */,
				EAF4054F2B2E2B3000EE4C95 /* ProductDetailViewModel.swift in Sources */,
				EA6EF5F22B2DFA93008A7FFF /* Products.swift in Sources */,
				EA6EF5E92B2DF487008A7FFF /* BasketRepository.swift in Sources */,
				EAF4054C2B2E2A5200EE4C95 /* FavoriteProductsRepository.swift in Sources */,
				EAF405462B2E248E00EE4C95 /* ProductOverviewViewModel.swift in Sources */,
				EA7C75362B305FF200897CAB /* ButtonStyles+Custom.swift in Sources */,
				EAF405422B2E241C00EE4C95 /* ProductsInteractor.swift in Sources */,
				EAF405482B2E24FE00EE4C95 /* ProductOverviewView.swift in Sources */,
			);
			runOnlyForDeploymentPostprocessing = 0;
		};
/* End PBXSourcesBuildPhase section */

/* Begin XCBuildConfiguration section */
		EA6EF5DE2B2DF3D9008A7FFF /* Debug */ = {
			isa = XCBuildConfiguration;
			buildSettings = {
				ALWAYS_SEARCH_USER_PATHS = NO;
				ASSETCATALOG_COMPILER_GENERATE_SWIFT_ASSET_SYMBOL_EXTENSIONS = YES;
				CLANG_ANALYZER_NONNULL = YES;
				CLANG_ANALYZER_NUMBER_OBJECT_CONVERSION = YES_AGGRESSIVE;
				CLANG_CXX_LANGUAGE_STANDARD = "gnu++20";
				CLANG_ENABLE_MODULES = YES;
				CLANG_ENABLE_OBJC_ARC = YES;
				CLANG_ENABLE_OBJC_WEAK = YES;
				CLANG_WARN_BLOCK_CAPTURE_AUTORELEASING = YES;
				CLANG_WARN_BOOL_CONVERSION = YES;
				CLANG_WARN_COMMA = YES;
				CLANG_WARN_CONSTANT_CONVERSION = YES;
				CLANG_WARN_DEPRECATED_OBJC_IMPLEMENTATIONS = YES;
				CLANG_WARN_DIRECT_OBJC_ISA_USAGE = YES_ERROR;
				CLANG_WARN_DOCUMENTATION_COMMENTS = YES;
				CLANG_WARN_EMPTY_BODY = YES;
				CLANG_WARN_ENUM_CONVERSION = YES;
				CLANG_WARN_INFINITE_RECURSION = YES;
				CLANG_WARN_INT_CONVERSION = YES;
				CLANG_WARN_NON_LITERAL_NULL_CONVERSION = YES;
				CLANG_WARN_OBJC_IMPLICIT_RETAIN_SELF = YES;
				CLANG_WARN_OBJC_LITERAL_CONVERSION = YES;
				CLANG_WARN_OBJC_ROOT_CLASS = YES_ERROR;
				CLANG_WARN_QUOTED_INCLUDE_IN_FRAMEWORK_HEADER = YES;
				CLANG_WARN_RANGE_LOOP_ANALYSIS = YES;
				CLANG_WARN_STRICT_PROTOTYPES = YES;
				CLANG_WARN_SUSPICIOUS_MOVE = YES;
				CLANG_WARN_UNGUARDED_AVAILABILITY = YES_AGGRESSIVE;
				CLANG_WARN_UNREACHABLE_CODE = YES;
				CLANG_WARN__DUPLICATE_METHOD_MATCH = YES;
				COPY_PHASE_STRIP = NO;
				DEBUG_INFORMATION_FORMAT = dwarf;
				ENABLE_STRICT_OBJC_MSGSEND = YES;
				ENABLE_TESTABILITY = YES;
				ENABLE_USER_SCRIPT_SANDBOXING = YES;
				GCC_C_LANGUAGE_STANDARD = gnu17;
				GCC_DYNAMIC_NO_PIC = NO;
				GCC_NO_COMMON_BLOCKS = YES;
				GCC_OPTIMIZATION_LEVEL = 0;
				GCC_PREPROCESSOR_DEFINITIONS = (
					"DEBUG=1",
					"$(inherited)",
				);
				GCC_WARN_64_TO_32_BIT_CONVERSION = YES;
				GCC_WARN_ABOUT_RETURN_TYPE = YES_ERROR;
				GCC_WARN_UNDECLARED_SELECTOR = YES;
				GCC_WARN_UNINITIALIZED_AUTOS = YES_AGGRESSIVE;
				GCC_WARN_UNUSED_FUNCTION = YES;
				GCC_WARN_UNUSED_VARIABLE = YES;
				IPHONEOS_DEPLOYMENT_TARGET = 17.2;
				LOCALIZATION_PREFERS_STRING_CATALOGS = YES;
				MTL_ENABLE_DEBUG_INFO = INCLUDE_SOURCE;
				MTL_FAST_MATH = YES;
				ONLY_ACTIVE_ARCH = YES;
				SDKROOT = iphoneos;
				SWIFT_ACTIVE_COMPILATION_CONDITIONS = "DEBUG $(inherited)";
				SWIFT_OPTIMIZATION_LEVEL = "-Onone";
			};
			name = Debug;
		};
		EA6EF5DF2B2DF3D9008A7FFF /* Release */ = {
			isa = XCBuildConfiguration;
			buildSettings = {
				ALWAYS_SEARCH_USER_PATHS = NO;
				ASSETCATALOG_COMPILER_GENERATE_SWIFT_ASSET_SYMBOL_EXTENSIONS = YES;
				CLANG_ANALYZER_NONNULL = YES;
				CLANG_ANALYZER_NUMBER_OBJECT_CONVERSION = YES_AGGRESSIVE;
				CLANG_CXX_LANGUAGE_STANDARD = "gnu++20";
				CLANG_ENABLE_MODULES = YES;
				CLANG_ENABLE_OBJC_ARC = YES;
				CLANG_ENABLE_OBJC_WEAK = YES;
				CLANG_WARN_BLOCK_CAPTURE_AUTORELEASING = YES;
				CLANG_WARN_BOOL_CONVERSION = YES;
				CLANG_WARN_COMMA = YES;
				CLANG_WARN_CONSTANT_CONVERSION = YES;
				CLANG_WARN_DEPRECATED_OBJC_IMPLEMENTATIONS = YES;
				CLANG_WARN_DIRECT_OBJC_ISA_USAGE = YES_ERROR;
				CLANG_WARN_DOCUMENTATION_COMMENTS = YES;
				CLANG_WARN_EMPTY_BODY = YES;
				CLANG_WARN_ENUM_CONVERSION = YES;
				CLANG_WARN_INFINITE_RECURSION = YES;
				CLANG_WARN_INT_CONVERSION = YES;
				CLANG_WARN_NON_LITERAL_NULL_CONVERSION = YES;
				CLANG_WARN_OBJC_IMPLICIT_RETAIN_SELF = YES;
				CLANG_WARN_OBJC_LITERAL_CONVERSION = YES;
				CLANG_WARN_OBJC_ROOT_CLASS = YES_ERROR;
				CLANG_WARN_QUOTED_INCLUDE_IN_FRAMEWORK_HEADER = YES;
				CLANG_WARN_RANGE_LOOP_ANALYSIS = YES;
				CLANG_WARN_STRICT_PROTOTYPES = YES;
				CLANG_WARN_SUSPICIOUS_MOVE = YES;
				CLANG_WARN_UNGUARDED_AVAILABILITY = YES_AGGRESSIVE;
				CLANG_WARN_UNREACHABLE_CODE = YES;
				CLANG_WARN__DUPLICATE_METHOD_MATCH = YES;
				COPY_PHASE_STRIP = NO;
				DEBUG_INFORMATION_FORMAT = "dwarf-with-dsym";
				ENABLE_NS_ASSERTIONS = NO;
				ENABLE_STRICT_OBJC_MSGSEND = YES;
				ENABLE_USER_SCRIPT_SANDBOXING = YES;
				GCC_C_LANGUAGE_STANDARD = gnu17;
				GCC_NO_COMMON_BLOCKS = YES;
				GCC_WARN_64_TO_32_BIT_CONVERSION = YES;
				GCC_WARN_ABOUT_RETURN_TYPE = YES_ERROR;
				GCC_WARN_UNDECLARED_SELECTOR = YES;
				GCC_WARN_UNINITIALIZED_AUTOS = YES_AGGRESSIVE;
				GCC_WARN_UNUSED_FUNCTION = YES;
				GCC_WARN_UNUSED_VARIABLE = YES;
				IPHONEOS_DEPLOYMENT_TARGET = 17.2;
				LOCALIZATION_PREFERS_STRING_CATALOGS = YES;
				MTL_ENABLE_DEBUG_INFO = NO;
				MTL_FAST_MATH = YES;
				SDKROOT = iphoneos;
				SWIFT_COMPILATION_MODE = wholemodule;
				VALIDATE_PRODUCT = YES;
			};
			name = Release;
		};
		EA6EF5E12B2DF3D9008A7FFF /* Debug */ = {
			isa = XCBuildConfiguration;
			buildSettings = {
				ASSETCATALOG_COMPILER_APPICON_NAME = AppIcon;
				ASSETCATALOG_COMPILER_GLOBAL_ACCENT_COLOR_NAME = AccentColor;
				CODE_SIGN_STYLE = Automatic;
				CURRENT_PROJECT_VERSION = 1;
				DEVELOPMENT_ASSET_PATHS = "\"Bonprix/Preview Content\"";
				ENABLE_PREVIEWS = YES;
				GENERATE_INFOPLIST_FILE = YES;
				INFOPLIST_KEY_UIApplicationSceneManifest_Generation = YES;
				INFOPLIST_KEY_UIApplicationSupportsIndirectInputEvents = YES;
				INFOPLIST_KEY_UILaunchScreen_Generation = YES;
				INFOPLIST_KEY_UISupportedInterfaceOrientations_iPad = "UIInterfaceOrientationPortrait UIInterfaceOrientationPortraitUpsideDown UIInterfaceOrientationLandscapeLeft UIInterfaceOrientationLandscapeRight";
				INFOPLIST_KEY_UISupportedInterfaceOrientations_iPhone = "UIInterfaceOrientationPortrait UIInterfaceOrientationLandscapeLeft UIInterfaceOrientationLandscapeRight";
				LD_RUNPATH_SEARCH_PATHS = (
					"$(inherited)",
					"@executable_path/Frameworks",
				);
				MARKETING_VERSION = 1.0;
				PRODUCT_BUNDLE_IDENTIFIER = MRE.Bonprix;
				PRODUCT_NAME = "$(TARGET_NAME)";
				SWIFT_EMIT_LOC_STRINGS = YES;
				SWIFT_VERSION = 5.0;
				TARGETED_DEVICE_FAMILY = "1,2";
			};
			name = Debug;
		};
		EA6EF5E22B2DF3D9008A7FFF /* Release */ = {
			isa = XCBuildConfiguration;
			buildSettings = {
				ASSETCATALOG_COMPILER_APPICON_NAME = AppIcon;
				ASSETCATALOG_COMPILER_GLOBAL_ACCENT_COLOR_NAME = AccentColor;
				CODE_SIGN_STYLE = Automatic;
				CURRENT_PROJECT_VERSION = 1;
				DEVELOPMENT_ASSET_PATHS = "\"Bonprix/Preview Content\"";
				ENABLE_PREVIEWS = YES;
				GENERATE_INFOPLIST_FILE = YES;
				INFOPLIST_KEY_UIApplicationSceneManifest_Generation = YES;
				INFOPLIST_KEY_UIApplicationSupportsIndirectInputEvents = YES;
				INFOPLIST_KEY_UILaunchScreen_Generation = YES;
				INFOPLIST_KEY_UISupportedInterfaceOrientations_iPad = "UIInterfaceOrientationPortrait UIInterfaceOrientationPortraitUpsideDown UIInterfaceOrientationLandscapeLeft UIInterfaceOrientationLandscapeRight";
				INFOPLIST_KEY_UISupportedInterfaceOrientations_iPhone = "UIInterfaceOrientationPortrait UIInterfaceOrientationLandscapeLeft UIInterfaceOrientationLandscapeRight";
				LD_RUNPATH_SEARCH_PATHS = (
					"$(inherited)",
					"@executable_path/Frameworks",
				);
				MARKETING_VERSION = 1.0;
				PRODUCT_BUNDLE_IDENTIFIER = MRE.Bonprix;
				PRODUCT_NAME = "$(TARGET_NAME)";
				SWIFT_EMIT_LOC_STRINGS = YES;
				SWIFT_VERSION = 5.0;
				TARGETED_DEVICE_FAMILY = "1,2";
			};
			name = Release;
		};
/* End XCBuildConfiguration section */

/* Begin XCConfigurationList section */
		EA6EF5CD2B2DF3D5008A7FFF /* Build configuration list for PBXProject "Bonprix" */ = {
			isa = XCConfigurationList;
			buildConfigurations = (
				EA6EF5DE2B2DF3D9008A7FFF /* Debug */,
				EA6EF5DF2B2DF3D9008A7FFF /* Release */,
			);
			defaultConfigurationIsVisible = 0;
			defaultConfigurationName = Release;
		};
		EA6EF5E02B2DF3D9008A7FFF /* Build configuration list for PBXNativeTarget "Bonprix" */ = {
			isa = XCConfigurationList;
			buildConfigurations = (
				EA6EF5E12B2DF3D9008A7FFF /* Debug */,
				EA6EF5E22B2DF3D9008A7FFF /* Release */,
			);
			defaultConfigurationIsVisible = 0;
			defaultConfigurationName = Release;
		};
/* End XCConfigurationList section */
	};
	rootObject = EA6EF5CA2B2DF3D5008A7FFF /* Project object */;
}
